PODS:
  - CompactConstraint (0.1.0)
  - SmartStickyPullToRefresh (0.1):
    - CompactConstraint

DEPENDENCIES:
  - SmartStickyPullToRefresh (from `../`)

EXTERNAL SOURCES:
  SmartStickyPullToRefresh:
    :path: ../

SPEC CHECKSUMS:
  CompactConstraint: 562187c821afcc510536a3df799a16c25bea3d9b
  SmartStickyPullToRefresh: c66e0098980ea6f712eb772687c90191a501a7fc

COCOAPODS: 0.38.2
